// !$*UTF8*$!
{
	archiveVersion = 1;
	classes = {
	};
	objectVersion = 46;
	objects = {

/* Begin PBXBuildFile section */
		C26A716E1751A25600D5EA02 /* main.cpp in Sources */ = {isa = PBXBuildFile; fileRef = C26A716D1751A25600D5EA02 /* main.cpp */; };
		C26A71711751A60F00D5EA02 /* bgdark.png in Resources */ = {isa = PBXBuildFile; fileRef = C26A716F1751A60F00D5EA02 /* bgdark.png */; };
		C26A71721751A60F00D5EA02 /* bglight.png in Resources */ = {isa = PBXBuildFile; fileRef = C26A71701751A60F00D5EA02 /* bglight.png */; };
		C26A71731751A61F00D5EA02 /* bglight.png in CopyFiles */ = {isa = PBXBuildFile; fileRef = C26A71701751A60F00D5EA02 /* bglight.png */; };
		C26A71741751A62100D5EA02 /* bgdark.png in CopyFiles */ = {isa = PBXBuildFile; fileRef = C26A716F1751A60F00D5EA02 /* bgdark.png */; };
		C26A71761751B89100D5EA02 /* creep.icns in Resources */ = {isa = PBXBuildFile; fileRef = C26A71751751B89100D5EA02 /* creep.icns */; };
		C2809D8C1CEC2F62005D59C9 /* pink.png in Resources */ = {isa = PBXBuildFile; fileRef = C2809D8B1CEC2F62005D59C9 /* pink.png */; };
		C2809D8D1CEC2F9F005D59C9 /* pink.png in CopyFiles */ = {isa = PBXBuildFile; fileRef = C2809D8B1CEC2F62005D59C9 /* pink.png */; };
		C2AE13A31734453000B1F961 /* libSDL-1.2.0.dylib in Frameworks */ = {isa = PBXBuildFile; fileRef = C2AE13A01734453000B1F961 /* libSDL-1.2.0.dylib */; };
		C2F03E5516F1E747002423AF /* Cocoa.framework in Frameworks */ = {isa = PBXBuildFile; fileRef = C2F03E5416F1E747002423AF /* Cocoa.framework */; };
		C2F03E7516F1E77C002423AF /* SDLMain.m in Sources */ = {isa = PBXBuildFile; fileRef = C2F03E7416F1E77C002423AF /* SDLMain.m */; };
		C2F0AFC21CE3707900BD6F61 /* libSDL_image-1.2.0.dylib in Frameworks */ = {isa = PBXBuildFile; fileRef = C2F0AFC11CE3707900BD6F61 /* libSDL_image-1.2.0.dylib */; };
		C2F0AFC41CE3709F00BD6F61 /* libSDL_gfx.15.dylib in Frameworks */ = {isa = PBXBuildFile; fileRef = C2F0AFC31CE3709F00BD6F61 /* libSDL_gfx.15.dylib */; };
/* End PBXBuildFile section */

/* Begin PBXCopyFilesBuildPhase section */
		C2F03E7616F1E7CF002423AF /* CopyFiles */ = {
			isa = PBXCopyFilesBuildPhase;
			buildActionMask = 2147483647;
			dstPath = "";
			dstSubfolderSpec = 10;
			files = (
			);
			runOnlyForDeploymentPostprocessing = 0;
		};
		C2F03E7F16F1F339002423AF /* CopyFiles */ = {
			isa = PBXCopyFilesBuildPhase;
			buildActionMask = 2147483647;
			dstPath = img;
			dstSubfolderSpec = 7;
			files = (
				C2809D8D1CEC2F9F005D59C9 /* pink.png in CopyFiles */,
				C26A71731751A61F00D5EA02 /* bglight.png in CopyFiles */,
				C26A71741751A62100D5EA02 /* bgdark.png in CopyFiles */,
			);
			runOnlyForDeploymentPostprocessing = 0;
		};
/* End PBXCopyFilesBuildPhase section */

/* Begin PBXFileReference section */
		C26A716D1751A25600D5EA02 /* main.cpp */ = {isa = PBXFileReference; fileEncoding = 4; lastKnownFileType = sourcecode.cpp.cpp; name = main.cpp; path = src/main.cpp; sourceTree = "<group>"; };
		C26A716F1751A60F00D5EA02 /* bgdark.png */ = {isa = PBXFileReference; lastKnownFileType = image.png; name = bgdark.png; path = assets/img/bgdark.png; sourceTree = "<group>"; };
		C26A71701751A60F00D5EA02 /* bglight.png */ = {isa = PBXFileReference; lastKnownFileType = image.png; name = bglight.png; path = assets/img/bglight.png; sourceTree = "<group>"; };
		C26A71751751B89100D5EA02 /* creep.icns */ = {isa = PBXFileReference; lastKnownFileType = image.icns; path = creep.icns; sourceTree = "<group>"; };
		C2809D8B1CEC2F62005D59C9 /* pink.png */ = {isa = PBXFileReference; lastKnownFileType = image.png; name = pink.png; path = assets/img/pink.png; sourceTree = "<group>"; };
		C2AE13A01734453000B1F961 /* libSDL-1.2.0.dylib */ = {isa = PBXFileReference; lastKnownFileType = "compiled.mach-o.dylib"; name = "libSDL-1.2.0.dylib"; path = "/usr/local/Cellar/sdl/1.2.15/lib/libSDL-1.2.0.dylib"; sourceTree = "<absolute>"; };
		C2AE13A7173445A600B1F961 /* creep.icns */ = {isa = PBXFileReference; lastKnownFileType = image.icns; name = creep.icns; path = assets/icn/creep.icns; sourceTree = "<group>"; };
		C2F03E5116F1E747002423AF /* GameOfLife.app */ = {isa = PBXFileReference; explicitFileType = wrapper.application; includeInIndex = 0; path = GameOfLife.app; sourceTree = BUILT_PRODUCTS_DIR; };
		C2F03E5416F1E747002423AF /* Cocoa.framework */ = {isa = PBXFileReference; lastKnownFileType = wrapper.framework; name = Cocoa.framework; path = System/Library/Frameworks/Cocoa.framework; sourceTree = SDKROOT; };
		C2F03E5716F1E747002423AF /* AppKit.framework */ = {isa = PBXFileReference; lastKnownFileType = wrapper.framework; name = AppKit.framework; path = System/Library/Frameworks/AppKit.framework; sourceTree = SDKROOT; };
		C2F03E5816F1E747002423AF /* CoreData.framework */ = {isa = PBXFileReference; lastKnownFileType = wrapper.framework; name = CoreData.framework; path = System/Library/Frameworks/CoreData.framework; sourceTree = SDKROOT; };
		C2F03E5916F1E747002423AF /* Foundation.framework */ = {isa = PBXFileReference; lastKnownFileType = wrapper.framework; name = Foundation.framework; path = System/Library/Frameworks/Foundation.framework; sourceTree = SDKROOT; };
		C2F03E5C16F1E747002423AF /* GameOfLife-Info.plist */ = {isa = PBXFileReference; lastKnownFileType = text.plist.xml; path = "GameOfLife-Info.plist"; sourceTree = "<group>"; };
		C2F03E7316F1E77C002423AF /* SDLMain.h */ = {isa = PBXFileReference; fileEncoding = 4; lastKnownFileType = sourcecode.c.h; name = SDLMain.h; path = "/Library/Frameworks/SDL.framework/devel-lite/SDLMain.h"; sourceTree = "<absolute>"; };
		C2F03E7416F1E77C002423AF /* SDLMain.m */ = {isa = PBXFileReference; fileEncoding = 4; lastKnownFileType = sourcecode.c.objc; name = SDLMain.m; path = "/Library/Frameworks/SDL.framework/devel-lite/SDLMain.m"; sourceTree = "<absolute>"; };
		C2F0AFC11CE3707900BD6F61 /* libSDL_image-1.2.0.dylib */ = {isa = PBXFileReference; lastKnownFileType = "compiled.mach-o.dylib"; name = "libSDL_image-1.2.0.dylib"; path = "../../../../../usr/local/Cellar/sdl_image/1.2.10_2/lib/libSDL_image-1.2.0.dylib"; sourceTree = "<group>"; };
		C2F0AFC31CE3709F00BD6F61 /* libSDL_gfx.15.dylib */ = {isa = PBXFileReference; lastKnownFileType = "compiled.mach-o.dylib"; name = libSDL_gfx.15.dylib; path = ../../../../../usr/local/Cellar/sdl_gfx/2.0.25/lib/libSDL_gfx.15.dylib; sourceTree = "<group>"; };
/* End PBXFileReference section */

/* Begin PBXFrameworksBuildPhase section */
		C2F03E4E16F1E747002423AF /* Frameworks */ = {
			isa = PBXFrameworksBuildPhase;
			buildActionMask = 2147483647;
			files = (
				C2F0AFC41CE3709F00BD6F61 /* libSDL_gfx.15.dylib in Frameworks */,
				C2AE13A31734453000B1F961 /* libSDL-1.2.0.dylib in Frameworks */,
				C2F03E5516F1E747002423AF /* Cocoa.framework in Frameworks */,
				C2F0AFC21CE3707900BD6F61 /* libSDL_image-1.2.0.dylib in Frameworks */,
			);
			runOnlyForDeploymentPostprocessing = 0;
		};
/* End PBXFrameworksBuildPhase section */

/* Begin PBXGroup section */
		C2AE13A41734457200B1F961 /* assets */ = {
			isa = PBXGroup;
			children = (
				C2AE13A61734457900B1F961 /* icn */,
				C2AE13A51734457500B1F961 /* img */,
			);
			name = assets;
			sourceTree = "<group>";
		};
		C2AE13A51734457500B1F961 /* img */ = {
			isa = PBXGroup;
			children = (
				C2809D8B1CEC2F62005D59C9 /* pink.png */,
				C26A716F1751A60F00D5EA02 /* bgdark.png */,
				C26A71701751A60F00D5EA02 /* bglight.png */,
			);
			name = img;
			sourceTree = "<group>";
		};
		C2AE13A61734457900B1F961 /* icn */ = {
			isa = PBXGroup;
			children = (
				C2AE13A7173445A600B1F961 /* creep.icns */,
			);
			name = icn;
			sourceTree = "<group>";
		};
		C2F03E4816F1E747002423AF = {
			isa = PBXGroup;
			children = (
				C26A71751751B89100D5EA02 /* creep.icns */,
				C2F03E5A16F1E747002423AF /* GameOfLife */,
				C2F03E5316F1E747002423AF /* Frameworks */,
				C2F03E5216F1E747002423AF /* Products */,
			);
			sourceTree = "<group>";
		};
		C2F03E5216F1E747002423AF /* Products */ = {
			isa = PBXGroup;
			children = (
				C2F03E5116F1E747002423AF /* GameOfLife.app */,
			);
			name = Products;
			sourceTree = "<group>";
		};
		C2F03E5316F1E747002423AF /* Frameworks */ = {
			isa = PBXGroup;
			children = (
				C2F0AFC11CE3707900BD6F61 /* libSDL_image-1.2.0.dylib */,
				C2F0AFC31CE3709F00BD6F61 /* libSDL_gfx.15.dylib */,
				C2AE13A01734453000B1F961 /* libSDL-1.2.0.dylib */,
				C2F03E5416F1E747002423AF /* Cocoa.framework */,
				C2F03E5616F1E747002423AF /* Other Frameworks */,
			);
			name = Frameworks;
			sourceTree = "<group>";
		};
		C2F03E5616F1E747002423AF /* Other Frameworks */ = {
			isa = PBXGroup;
			children = (
				C2F03E5716F1E747002423AF /* AppKit.framework */,
				C2F03E5816F1E747002423AF /* CoreData.framework */,
				C2F03E5916F1E747002423AF /* Foundation.framework */,
			);
			name = "Other Frameworks";
			sourceTree = "<group>";
		};
		C2F03E5A16F1E747002423AF /* GameOfLife */ = {
			isa = PBXGroup;
			children = (
				C26A716D1751A25600D5EA02 /* main.cpp */,
				C2F03E5B16F1E747002423AF /* Supporting Files */,
			);
			path = GameOfLife;
			sourceTree = "<group>";
		};
		C2F03E5B16F1E747002423AF /* Supporting Files */ = {
			isa = PBXGroup;
			children = (
				C2AE13A41734457200B1F961 /* assets */,
				C2F03E7316F1E77C002423AF /* SDLMain.h */,
				C2F03E7416F1E77C002423AF /* SDLMain.m */,
				C2F03E5C16F1E747002423AF /* GameOfLife-Info.plist */,
			);
			name = "Supporting Files";
			sourceTree = "<group>";
		};
/* End PBXGroup section */

/* Begin PBXNativeTarget section */
		C2F03E5016F1E747002423AF /* GameOfLife */ = {
			isa = PBXNativeTarget;
			buildConfigurationList = C2F03E6E16F1E747002423AF /* Build configuration list for PBXNativeTarget "GameOfLife" */;
			buildPhases = (
				C2F03E4D16F1E747002423AF /* Sources */,
				C2F03E4E16F1E747002423AF /* Frameworks */,
				C2F03E4F16F1E747002423AF /* Resources */,
				C2F03E7616F1E7CF002423AF /* CopyFiles */,
				C2F03E7F16F1F339002423AF /* CopyFiles */,
			);
			buildRules = (
			);
			dependencies = (
			);
			name = GameOfLife;
			productName = GameOfLife;
			productReference = C2F03E5116F1E747002423AF /* GameOfLife.app */;
			productType = "com.apple.product-type.application";
		};
/* End PBXNativeTarget section */

/* Begin PBXProject section */
		C2F03E4916F1E747002423AF /* Project object */ = {
			isa = PBXProject;
			attributes = {
				LastUpgradeCheck = 0720;
				ORGANIZATIONNAME = "Fielding Johnston";
			};
			buildConfigurationList = C2F03E4C16F1E747002423AF /* Build configuration list for PBXProject "GameOfLife" */;
			compatibilityVersion = "Xcode 3.2";
			developmentRegion = English;
			hasScannedForEncodings = 0;
			knownRegions = (
				en,
			);
			mainGroup = C2F03E4816F1E747002423AF;
			productRefGroup = C2F03E5216F1E747002423AF /* Products */;
			projectDirPath = "";
			projectRoot = "";
			targets = (
				C2F03E5016F1E747002423AF /* GameOfLife */,
			);
		};
/* End PBXProject section */

/* Begin PBXResourcesBuildPhase section */
		C2F03E4F16F1E747002423AF /* Resources */ = {
			isa = PBXResourcesBuildPhase;
			buildActionMask = 2147483647;
			files = (
				C26A71711751A60F00D5EA02 /* bgdark.png in Resources */,
				C2809D8C1CEC2F62005D59C9 /* pink.png in Resources */,
				C26A71721751A60F00D5EA02 /* bglight.png in Resources */,
				C26A71761751B89100D5EA02 /* creep.icns in Resources */,
			);
			runOnlyForDeploymentPostprocessing = 0;
		};
/* End PBXResourcesBuildPhase section */

/* Begin PBXSourcesBuildPhase section */
		C2F03E4D16F1E747002423AF /* Sources */ = {
			isa = PBXSourcesBuildPhase;
			buildActionMask = 2147483647;
			files = (
				C2F03E7516F1E77C002423AF /* SDLMain.m in Sources */,
				C26A716E1751A25600D5EA02 /* main.cpp in Sources */,
			);
			runOnlyForDeploymentPostprocessing = 0;
		};
/* End PBXSourcesBuildPhase section */

/* Begin XCBuildConfiguration section */
		C2F03E6C16F1E747002423AF /* Debug */ = {
			isa = XCBuildConfiguration;
			buildSettings = {
				ALWAYS_SEARCH_USER_PATHS = NO;
				CLANG_CXX_LANGUAGE_STANDARD = "gnu++0x";
				CLANG_CXX_LIBRARY = "libc++";
				CLANG_WARN_CONSTANT_CONVERSION = YES;
				CLANG_WARN_EMPTY_BODY = YES;
				CLANG_WARN_ENUM_CONVERSION = YES;
				CLANG_WARN_INT_CONVERSION = YES;
				CLANG_WARN__DUPLICATE_METHOD_MATCH = YES;
				COPY_PHASE_STRIP = NO;
				ENABLE_TESTABILITY = YES;
				GCC_C_LANGUAGE_STANDARD = gnu99;
				GCC_DYNAMIC_NO_PIC = NO;
				GCC_ENABLE_OBJC_EXCEPTIONS = YES;
				GCC_OPTIMIZATION_LEVEL = 0;
				GCC_PREPROCESSOR_DEFINITIONS = APP;
				"GCC_PREPROCESSOR_DEFINITIONS[arch=*]" = (
					"DEBUG=1",
					APP,
				);
				GCC_SYMBOLS_PRIVATE_EXTERN = NO;
				GCC_WARN_64_TO_32_BIT_CONVERSION = YES;
				GCC_WARN_ABOUT_RETURN_TYPE = YES;
				GCC_WARN_UNINITIALIZED_AUTOS = YES;
				GCC_WARN_UNUSED_VARIABLE = YES;
				HEADER_SEARCH_PATHS = (
					/usr/local/include/SDL,
					/usr/local/Cellar/sdl_gfx/2.0.25/include/SDL,
				);
				LIBRARY_SEARCH_PATHS = (
					/usr/local/lib/,
					/usr/local/Cellar/sdl_gfx/2.0.25/lib,
				);
				MACOSX_DEPLOYMENT_TARGET = 10.7;
				ONLY_ACTIVE_ARCH = YES;
				SDKROOT = macosx;
			};
			name = Debug;
		};
		C2F03E6D16F1E747002423AF /* Release */ = {
			isa = XCBuildConfiguration;
			buildSettings = {
				ALWAYS_SEARCH_USER_PATHS = NO;
				CLANG_CXX_LANGUAGE_STANDARD = "gnu++0x";
				CLANG_CXX_LIBRARY = "libc++";
				CLANG_WARN_CONSTANT_CONVERSION = YES;
				CLANG_WARN_EMPTY_BODY = YES;
				CLANG_WARN_ENUM_CONVERSION = YES;
				CLANG_WARN_INT_CONVERSION = YES;
				CLANG_WARN__DUPLICATE_METHOD_MATCH = YES;
				COPY_PHASE_STRIP = YES;
				DEBUG_INFORMATION_FORMAT = "dwarf-with-dsym";
				GCC_C_LANGUAGE_STANDARD = gnu99;
				GCC_ENABLE_OBJC_EXCEPTIONS = YES;
				GCC_PREPROCESSOR_DEFINITIONS = APP;
				GCC_WARN_64_TO_32_BIT_CONVERSION = YES;
				GCC_WARN_ABOUT_RETURN_TYPE = YES;
				GCC_WARN_UNINITIALIZED_AUTOS = YES;
				GCC_WARN_UNUSED_VARIABLE = YES;
				HEADER_SEARCH_PATHS = (
					/usr/local/include/SDL,
					/usr/local/Cellar/sdl_gfx/2.0.25/include/SDL,
				);
				LIBRARY_SEARCH_PATHS = (
					/usr/local/lib/,
					/usr/local/Cellar/sdl_gfx/2.0.25/lib,
				);
				MACOSX_DEPLOYMENT_TARGET = 10.7;
				SDKROOT = macosx;
			};
			name = Release;
		};
		C2F03E6F16F1E747002423AF /* Debug */ = {
			isa = XCBuildConfiguration;
			buildSettings = {
				COMBINE_HIDPI_IMAGES = YES;
				FRAMEWORK_SEARCH_PATHS = /Library/Frameworks;
				GCC_PRECOMPILE_PREFIX_HEADER = YES;
				GCC_PREFIX_HEADER = "GameOfLife/GameOfLife-Prefix.pch";
				HEADER_SEARCH_PATHS = (
					/Library/Frameworks/SDL.framework/Headers,
					/Library/Frameworks/SDL_image.framework/Headers,
					/usr/local/include/,
					/usr/local/Cellar/sdl_image/1.2.10_2/include/SDL,
				);
				INFOPLIST_FILE = "GameOfLife/GameOfLife-Info.plist";
				LIBRARY_SEARCH_PATHS = (
					"$(inherited)",
					/usr/local/Cellar/sdl/1.2.15/lib,
					/usr/local/Cellar/sdl_gfx/2.0.25/lib,
					/usr/local/Cellar/sdl_image/1.2.10_2/lib,
				);
				PRODUCT_BUNDLE_IDENTIFIER = "justFiedling.${PRODUCT_NAME:rfc1034identifier}";
				PRODUCT_NAME = "$(TARGET_NAME)";
				WRAPPER_EXTENSION = app;
			};
			name = Debug;
		};
		C2F03E7016F1E747002423AF /* Release */ = {
			isa = XCBuildConfiguration;
			buildSettings = {
				COMBINE_HIDPI_IMAGES = YES;
				FRAMEWORK_SEARCH_PATHS = /Library/Frameworks;
				GCC_PRECOMPILE_PREFIX_HEADER = YES;
				GCC_PREFIX_HEADER = "GameOfLife/GameOfLife-Prefix.pch";
				HEADER_SEARCH_PATHS = (
					/Library/Frameworks/SDL.framework/Headers,
					/Library/Frameworks/SDL_image.framework/Headers,
					/usr/local/include/,
					/usr/local/Cellar/sdl_image/1.2.10_2/include/SDL,
				);
				INFOPLIST_FILE = "GameOfLife/GameOfLife-Info.plist";
				LIBRARY_SEARCH_PATHS = (
					"$(inherited)",
					/usr/local/Cellar/sdl/1.2.15/lib,
					/usr/local/Cellar/sdl_gfx/2.0.25/lib,
					/usr/local/Cellar/sdl_image/1.2.10_2/lib,
				);
				PRODUCT_BUNDLE_IDENTIFIER = "justFiedling.${PRODUCT_NAME:rfc1034identifier}";
				PRODUCT_NAME = "$(TARGET_NAME)";
				WRAPPER_EXTENSION = app;
			};
			name = Release;
		};
/* End XCBuildConfiguration section */

/* Begin XCConfigurationList section */
		C2F03E4C16F1E747002423AF /* Build configuration list for PBXProject "GameOfLife" */ = {
			isa = XCConfigurationList;
			buildConfigurations = (
				C2F03E6C16F1E747002423AF /* Debug */,
				C2F03E6D16F1E747002423AF /* Release */,
			);
			defaultConfigurationIsVisible = 0;
			defaultConfigurationName = Release;
		};
		C2F03E6E16F1E747002423AF /* Build configuration list for PBXNativeTarget "GameOfLife" */ = {
			isa = XCConfigurationList;
			buildConfigurations = (
				C2F03E6F16F1E747002423AF /* Debug */,
				C2F03E7016F1E747002423AF /* Release */,
			);
			defaultConfigurationIsVisible = 0;
			defaultConfigurationName = Release;
		};
/* End XCConfigurationList section */
	};
	rootObject = C2F03E4916F1E747002423AF /* Project object */;
}
