// !$*UTF8*$!
{
	archiveVersion = 1;
	classes = {
	};
	objectVersion = 46;
	objects = {

/* Begin PBXBuildFile section */
		C26A716E1751A25600D5EA02 /* main.cpp in Sources */ = {isa = PBXBuildFile; fileRef = C26A716D1751A25600D5EA02 /* main.cpp */; };
		C26A71711751A60F00D5EA02 /* bgdark.png in Resources */ = {isa = PBXBuildFile; fileRef = C26A716F1751A60F00D5EA02 /* bgdark.png */; };
		C26A71721751A60F00D5EA02 /* bglight.png in Resources */ = {isa = PBXBuildFile; fileRef = C26A71701751A60F00D5EA02 /* bglight.png */; };
		C26A71731751A61F00D5EA02 /* bglight.png in Copy Files */ = {isa = PBXBuildFile; fileRef = C26A71701751A60F00D5EA02 /* bglight.png */; };
		C26A71741751A62100D5EA02 /* bgdark.png in Copy Files */ = {isa = PBXBuildFile; fileRef = C26A716F1751A60F00D5EA02 /* bgdark.png */; };
		C26C60FC1CEC87E700C3B681 /* libSDL2.dylib in Frameworks */ = {isa = PBXBuildFile; fileRef = C26C60FB1CEC87E700C3B681 /* libSDL2.dylib */; };
		C26C60FE1CEC87F000C3B681 /* libSDL2_image.dylib in Frameworks */ = {isa = PBXBuildFile; fileRef = C26C60FD1CEC87F000C3B681 /* libSDL2_image.dylib */; };
		C26C61001CEC87F500C3B681 /* libSDL2_gfx.dylib in Frameworks */ = {isa = PBXBuildFile; fileRef = C26C60FF1CEC87F500C3B681 /* libSDL2_gfx.dylib */; };
		C26C61011CEC884D00C3B681 /* libSDL2_gfx.dylib in Copy Files */ = {isa = PBXBuildFile; fileRef = C26C60FF1CEC87F500C3B681 /* libSDL2_gfx.dylib */; settings = {ATTRIBUTES = (CodeSignOnCopy, ); }; };
		C26C61021CEC884D00C3B681 /* libSDL2_image.dylib in Copy Files */ = {isa = PBXBuildFile; fileRef = C26C60FD1CEC87F000C3B681 /* libSDL2_image.dylib */; settings = {ATTRIBUTES = (CodeSignOnCopy, ); }; };
		C26C61031CEC884D00C3B681 /* libSDL2.dylib in Copy Files */ = {isa = PBXBuildFile; fileRef = C26C60FB1CEC87E700C3B681 /* libSDL2.dylib */; settings = {ATTRIBUTES = (CodeSignOnCopy, ); }; };
		C26C61071CECF77100C3B681 /* timer.cpp in Sources */ = {isa = PBXBuildFile; fileRef = C26C61061CECF77100C3B681 /* timer.cpp */; };
		C26C61091CED050C00C3B681 /* libSDL2_ttf.dylib in Frameworks */ = {isa = PBXBuildFile; fileRef = C26C61081CED050C00C3B681 /* libSDL2_ttf.dylib */; };
		C26C610A1CED052700C3B681 /* libSDL2_ttf.dylib in Copy Files */ = {isa = PBXBuildFile; fileRef = C26C61081CED050C00C3B681 /* libSDL2_ttf.dylib */; settings = {ATTRIBUTES = (CodeSignOnCopy, ); }; };
		C26C610D1CED06C400C3B681 /* texture.cpp in Sources */ = {isa = PBXBuildFile; fileRef = C26C610B1CED06C400C3B681 /* texture.cpp */; };
		C26C610F1CED145200C3B681 /* font in Resources */ = {isa = PBXBuildFile; fileRef = C26C610E1CED145200C3B681 /* font */; };
		C26C61121CED14ED00C3B681 /* Comfortaa-Regular.ttf in CopyFiles */ = {isa = PBXBuildFile; fileRef = C26C61111CED14ED00C3B681 /* Comfortaa-Regular.ttf */; };
		C2809D8C1CEC2F62005D59C9 /* pink.png in Resources */ = {isa = PBXBuildFile; fileRef = C2809D8B1CEC2F62005D59C9 /* pink.png */; };
		C2809D8D1CEC2F9F005D59C9 /* pink.png in Copy Files */ = {isa = PBXBuildFile; fileRef = C2809D8B1CEC2F62005D59C9 /* pink.png */; };
		C2F03E5516F1E747002423AF /* Cocoa.framework in Frameworks */ = {isa = PBXBuildFile; fileRef = C2F03E5416F1E747002423AF /* Cocoa.framework */; };
/* End PBXBuildFile section */

/* Begin PBXCopyFilesBuildPhase section */
		C26C61101CED14E000C3B681 /* CopyFiles */ = {
			isa = PBXCopyFilesBuildPhase;
			buildActionMask = 2147483647;
			dstPath = font;
			dstSubfolderSpec = 7;
			files = (
				C26C61121CED14ED00C3B681 /* Comfortaa-Regular.ttf in CopyFiles */,
			);
			runOnlyForDeploymentPostprocessing = 0;
		};
		C2F03E7616F1E7CF002423AF /* Copy Files */ = {
			isa = PBXCopyFilesBuildPhase;
			buildActionMask = 2147483647;
			dstPath = "";
			dstSubfolderSpec = 10;
			files = (
				C26C61011CEC884D00C3B681 /* libSDL2_gfx.dylib in Copy Files */,
				C26C610A1CED052700C3B681 /* libSDL2_ttf.dylib in Copy Files */,
				C26C61021CEC884D00C3B681 /* libSDL2_image.dylib in Copy Files */,
				C26C61031CEC884D00C3B681 /* libSDL2.dylib in Copy Files */,
			);
			name = "Copy Files";
			runOnlyForDeploymentPostprocessing = 0;
		};
		C2F03E7F16F1F339002423AF /* Copy Files */ = {
			isa = PBXCopyFilesBuildPhase;
			buildActionMask = 2147483647;
			dstPath = img;
			dstSubfolderSpec = 7;
			files = (
				C2809D8D1CEC2F9F005D59C9 /* pink.png in Copy Files */,
				C26A71731751A61F00D5EA02 /* bglight.png in Copy Files */,
				C26A71741751A62100D5EA02 /* bgdark.png in Copy Files */,
			);
			name = "Copy Files";
			runOnlyForDeploymentPostprocessing = 0;
		};
/* End PBXCopyFilesBuildPhase section */

/* Begin PBXFileReference section */
		C26A716D1751A25600D5EA02 /* main.cpp */ = {isa = PBXFileReference; fileEncoding = 4; lastKnownFileType = sourcecode.cpp.cpp; name = main.cpp; path = src/main.cpp; sourceTree = "<group>"; };
		C26A716F1751A60F00D5EA02 /* bgdark.png */ = {isa = PBXFileReference; lastKnownFileType = image.png; name = bgdark.png; path = assets/img/bgdark.png; sourceTree = "<group>"; };
		C26A71701751A60F00D5EA02 /* bglight.png */ = {isa = PBXFileReference; lastKnownFileType = image.png; name = bglight.png; path = assets/img/bglight.png; sourceTree = "<group>"; };
		C26C60FB1CEC87E700C3B681 /* libSDL2.dylib */ = {isa = PBXFileReference; lastKnownFileType = "compiled.mach-o.dylib"; name = libSDL2.dylib; path = ../../../../../usr/local/lib/libSDL2.dylib; sourceTree = "<group>"; };
		C26C60FD1CEC87F000C3B681 /* libSDL2_image.dylib */ = {isa = PBXFileReference; lastKnownFileType = "compiled.mach-o.dylib"; name = libSDL2_image.dylib; path = ../../../../../usr/local/lib/libSDL2_image.dylib; sourceTree = "<group>"; };
		C26C60FF1CEC87F500C3B681 /* libSDL2_gfx.dylib */ = {isa = PBXFileReference; lastKnownFileType = "compiled.mach-o.dylib"; name = libSDL2_gfx.dylib; path = ../../../../../usr/local/lib/libSDL2_gfx.dylib; sourceTree = "<group>"; };
		C26C61051CECF6AC00C3B681 /* timer.h */ = {isa = PBXFileReference; lastKnownFileType = sourcecode.c.h; name = timer.h; path = src/timer.h; sourceTree = "<group>"; };
		C26C61061CECF77100C3B681 /* timer.cpp */ = {isa = PBXFileReference; fileEncoding = 4; lastKnownFileType = sourcecode.cpp.cpp; name = timer.cpp; path = src/timer.cpp; sourceTree = "<group>"; };
		C26C61081CED050C00C3B681 /* libSDL2_ttf.dylib */ = {isa = PBXFileReference; lastKnownFileType = "compiled.mach-o.dylib"; name = libSDL2_ttf.dylib; path = ../../../../../usr/local/Cellar/sdl2_ttf/2.0.14/lib/libSDL2_ttf.dylib; sourceTree = "<group>"; };
		C26C610B1CED06C400C3B681 /* texture.cpp */ = {isa = PBXFileReference; fileEncoding = 4; lastKnownFileType = sourcecode.cpp.cpp; path = texture.cpp; sourceTree = "<group>"; };
		C26C610C1CED06C400C3B681 /* texture.h */ = {isa = PBXFileReference; fileEncoding = 4; lastKnownFileType = sourcecode.c.h; path = texture.h; sourceTree = "<group>"; };
		C26C610E1CED145200C3B681 /* font */ = {isa = PBXFileReference; lastKnownFileType = folder; name = font; path = assets/font; sourceTree = "<group>"; };
		C26C61111CED14ED00C3B681 /* Comfortaa-Regular.ttf */ = {isa = PBXFileReference; lastKnownFileType = file; name = "Comfortaa-Regular.ttf"; path = "GameOfLife/assets/font/Comfortaa-Regular.ttf"; sourceTree = "<group>"; };
		C2809D8B1CEC2F62005D59C9 /* pink.png */ = {isa = PBXFileReference; lastKnownFileType = image.png; name = pink.png; path = assets/img/pink.png; sourceTree = "<group>"; };
		C2AE13A7173445A600B1F961 /* creep.icns */ = {isa = PBXFileReference; lastKnownFileType = image.icns; name = creep.icns; path = assets/icn/creep.icns; sourceTree = "<group>"; };
		C2F03E5116F1E747002423AF /* GameOfLife.app */ = {isa = PBXFileReference; explicitFileType = wrapper.application; includeInIndex = 0; path = GameOfLife.app; sourceTree = BUILT_PRODUCTS_DIR; };
		C2F03E5416F1E747002423AF /* Cocoa.framework */ = {isa = PBXFileReference; lastKnownFileType = wrapper.framework; name = Cocoa.framework; path = System/Library/Frameworks/Cocoa.framework; sourceTree = SDKROOT; };
		C2F03E5716F1E747002423AF /* AppKit.framework */ = {isa = PBXFileReference; lastKnownFileType = wrapper.framework; name = AppKit.framework; path = System/Library/Frameworks/AppKit.framework; sourceTree = SDKROOT; };
		C2F03E5816F1E747002423AF /* CoreData.framework */ = {isa = PBXFileReference; lastKnownFileType = wrapper.framework; name = CoreData.framework; path = System/Library/Frameworks/CoreData.framework; sourceTree = SDKROOT; };
		C2F03E5916F1E747002423AF /* Foundation.framework */ = {isa = PBXFileReference; lastKnownFileType = wrapper.framework; name = Foundation.framework; path = System/Library/Frameworks/Foundation.framework; sourceTree = SDKROOT; };
		C2F03E5C16F1E747002423AF /* GameOfLife-Info.plist */ = {isa = PBXFileReference; lastKnownFileType = text.plist.xml; path = "GameOfLife-Info.plist"; sourceTree = "<group>"; };
/* End PBXFileReference section */

/* Begin PBXFrameworksBuildPhase section */
		C2F03E4E16F1E747002423AF /* Frameworks */ = {
			isa = PBXFrameworksBuildPhase;
			buildActionMask = 2147483647;
			files = (
				C2F03E5516F1E747002423AF /* Cocoa.framework in Frameworks */,
				C26C61091CED050C00C3B681 /* libSDL2_ttf.dylib in Frameworks */,
				C26C60FE1CEC87F000C3B681 /* libSDL2_image.dylib in Frameworks */,
				C26C60FC1CEC87E700C3B681 /* libSDL2.dylib in Frameworks */,
				C26C61001CEC87F500C3B681 /* libSDL2_gfx.dylib in Frameworks */,
			);
			runOnlyForDeploymentPostprocessing = 0;
		};
/* End PBXFrameworksBuildPhase section */

/* Begin PBXGroup section */
		C2AE13A41734457200B1F961 /* assets */ = {
			isa = PBXGroup;
			children = (
				C26C610E1CED145200C3B681 /* font */,
				C2AE13A61734457900B1F961 /* icn */,
				C2AE13A51734457500B1F961 /* img */,
			);
			name = assets;
			sourceTree = "<group>";
		};
		C2AE13A51734457500B1F961 /* img */ = {
			isa = PBXGroup;
			children = (
				C2809D8B1CEC2F62005D59C9 /* pink.png */,
				C26A716F1751A60F00D5EA02 /* bgdark.png */,
				C26A71701751A60F00D5EA02 /* bglight.png */,
			);
			name = img;
			sourceTree = "<group>";
		};
		C2AE13A61734457900B1F961 /* icn */ = {
			isa = PBXGroup;
			children = (
				C2AE13A7173445A600B1F961 /* creep.icns */,
			);
			name = icn;
			sourceTree = "<group>";
		};
		C2F03E4816F1E747002423AF = {
			isa = PBXGroup;
			children = (
				C26C61111CED14ED00C3B681 /* Comfortaa-Regular.ttf */,
				C2F03E5A16F1E747002423AF /* GameOfLife */,
				C2F03E5316F1E747002423AF /* Frameworks */,
				C2F03E5216F1E747002423AF /* Products */,
			);
			sourceTree = "<group>";
		};
		C2F03E5216F1E747002423AF /* Products */ = {
			isa = PBXGroup;
			children = (
				C2F03E5116F1E747002423AF /* GameOfLife.app */,
			);
			name = Products;
			sourceTree = "<group>";
		};
		C2F03E5316F1E747002423AF /* Frameworks */ = {
			isa = PBXGroup;
			children = (
				C26C60FF1CEC87F500C3B681 /* libSDL2_gfx.dylib */,
				C26C60FD1CEC87F000C3B681 /* libSDL2_image.dylib */,
				C26C61081CED050C00C3B681 /* libSDL2_ttf.dylib */,
				C26C60FB1CEC87E700C3B681 /* libSDL2.dylib */,
				C2F03E5416F1E747002423AF /* Cocoa.framework */,
				C2F03E5616F1E747002423AF /* Other Frameworks */,
			);
			name = Frameworks;
			sourceTree = "<group>";
		};
		C2F03E5616F1E747002423AF /* Other Frameworks */ = {
			isa = PBXGroup;
			children = (
				C2F03E5716F1E747002423AF /* AppKit.framework */,
				C2F03E5816F1E747002423AF /* CoreData.framework */,
				C2F03E5916F1E747002423AF /* Foundation.framework */,
			);
			name = "Other Frameworks";
			sourceTree = "<group>";
		};
		C2F03E5A16F1E747002423AF /* GameOfLife */ = {
			isa = PBXGroup;
			children = (
				C26A716D1751A25600D5EA02 /* main.cpp */,
				C26C61051CECF6AC00C3B681 /* timer.h */,
				C26C61061CECF77100C3B681 /* timer.cpp */,
				C26C610B1CED06C400C3B681 /* texture.cpp */,
				C26C610C1CED06C400C3B681 /* texture.h */,
				C2F03E5B16F1E747002423AF /* Supporting Files */,
			);
			path = GameOfLife;
			sourceTree = "<group>";
		};
		C2F03E5B16F1E747002423AF /* Supporting Files */ = {
			isa = PBXGroup;
			children = (
				C2AE13A41734457200B1F961 /* assets */,
				C2F03E5C16F1E747002423AF /* GameOfLife-Info.plist */,
			);
			name = "Supporting Files";
			sourceTree = "<group>";
		};
/* End PBXGroup section */

/* Begin PBXNativeTarget section */
		C2F03E5016F1E747002423AF /* GameOfLife */ = {
			isa = PBXNativeTarget;
			buildConfigurationList = C2F03E6E16F1E747002423AF /* Build configuration list for PBXNativeTarget "GameOfLife" */;
			buildPhases = (
				C2F03E4D16F1E747002423AF /* Sources */,
				C2F03E4E16F1E747002423AF /* Frameworks */,
				C2F03E4F16F1E747002423AF /* Resources */,
				C2F03E7616F1E7CF002423AF /* Copy Files */,
				C2F03E7F16F1F339002423AF /* Copy Files */,
				C26C61101CED14E000C3B681 /* CopyFiles */,
			);
			buildRules = (
			);
			dependencies = (
			);
			name = GameOfLife;
			productName = GameOfLife;
			productReference = C2F03E5116F1E747002423AF /* GameOfLife.app */;
			productType = "com.apple.product-type.application";
		};
/* End PBXNativeTarget section */

/* Begin PBXProject section */
		C2F03E4916F1E747002423AF /* Project object */ = {
			isa = PBXProject;
			attributes = {
				LastUpgradeCheck = 0720;
				ORGANIZATIONNAME = "Fielding Johnston";
			};
			buildConfigurationList = C2F03E4C16F1E747002423AF /* Build configuration list for PBXProject "GameOfLife" */;
			compatibilityVersion = "Xcode 3.2";
			developmentRegion = English;
			hasScannedForEncodings = 0;
			knownRegions = (
				en,
			);
			mainGroup = C2F03E4816F1E747002423AF;
			productRefGroup = C2F03E5216F1E747002423AF /* Products */;
			projectDirPath = "";
			projectRoot = "";
			targets = (
				C2F03E5016F1E747002423AF /* GameOfLife */,
			);
		};
/* End PBXProject section */

/* Begin PBXResourcesBuildPhase section */
		C2F03E4F16F1E747002423AF /* Resources */ = {
			isa = PBXResourcesBuildPhase;
			buildActionMask = 2147483647;
			files = (
				C26A71711751A60F00D5EA02 /* bgdark.png in Resources */,
				C2809D8C1CEC2F62005D59C9 /* pink.png in Resources */,
				C26A71721751A60F00D5EA02 /* bglight.png in Resources */,
				C26C610F1CED145200C3B681 /* font in Resources */,
			);
			runOnlyForDeploymentPostprocessing = 0;
		};
/* End PBXResourcesBuildPhase section */

/* Begin PBXSourcesBuildPhase section */
		C2F03E4D16F1E747002423AF /* Sources */ = {
			isa = PBXSourcesBuildPhase;
			buildActionMask = 2147483647;
			files = (
				C26C610D1CED06C400C3B681 /* texture.cpp in Sources */,
				C26A716E1751A25600D5EA02 /* main.cpp in Sources */,
				C26C61071CECF77100C3B681 /* timer.cpp in Sources */,
			);
			runOnlyForDeploymentPostprocessing = 0;
		};
/* End PBXSourcesBuildPhase section */

/* Begin XCBuildConfiguration section */
		C2F03E6C16F1E747002423AF /* Debug */ = {
			isa = XCBuildConfiguration;
			buildSettings = {
				ALWAYS_SEARCH_USER_PATHS = YES;
				CLANG_CXX_LANGUAGE_STANDARD = "gnu++0x";
				CLANG_CXX_LIBRARY = "libc++";
				CLANG_WARN_CONSTANT_CONVERSION = YES;
				CLANG_WARN_EMPTY_BODY = YES;
				CLANG_WARN_ENUM_CONVERSION = YES;
				CLANG_WARN_INT_CONVERSION = YES;
				CLANG_WARN__DUPLICATE_METHOD_MATCH = YES;
				COPY_PHASE_STRIP = NO;
				ENABLE_TESTABILITY = YES;
				GCC_C_LANGUAGE_STANDARD = gnu99;
				GCC_DYNAMIC_NO_PIC = NO;
				GCC_ENABLE_OBJC_EXCEPTIONS = YES;
				GCC_OPTIMIZATION_LEVEL = 0;
				GCC_PREPROCESSOR_DEFINITIONS = APP;
				"GCC_PREPROCESSOR_DEFINITIONS[arch=*]" = (
					"DEBUG=1",
					APP,
				);
				GCC_SYMBOLS_PRIVATE_EXTERN = NO;
				GCC_WARN_64_TO_32_BIT_CONVERSION = YES;
				GCC_WARN_ABOUT_RETURN_TYPE = YES;
				GCC_WARN_UNINITIALIZED_AUTOS = YES;
				GCC_WARN_UNUSED_VARIABLE = YES;
				HEADER_SEARCH_PATHS = /usr/local/include;
				LIBRARY_SEARCH_PATHS = /usr/local/lib;
				MACOSX_DEPLOYMENT_TARGET = 10.7;
				ONLY_ACTIVE_ARCH = YES;
				OTHER_CFLAGS = (
					"-I/usr/local/include",
					"-D_THREAD_SAFE",
				);
				OTHER_LDFLAGS = (
					"-L/usr/local/lib",
					"-lSDL2",
				);
				SDKROOT = macosx;
			};
			name = Debug;
		};
		C2F03E6D16F1E747002423AF /* Release */ = {
			isa = XCBuildConfiguration;
			buildSettings = {
				ALWAYS_SEARCH_USER_PATHS = YES;
				CLANG_CXX_LANGUAGE_STANDARD = "gnu++0x";
				CLANG_CXX_LIBRARY = "libc++";
				CLANG_WARN_CONSTANT_CONVERSION = YES;
				CLANG_WARN_EMPTY_BODY = YES;
				CLANG_WARN_ENUM_CONVERSION = YES;
				CLANG_WARN_INT_CONVERSION = YES;
				CLANG_WARN__DUPLICATE_METHOD_MATCH = YES;
				COPY_PHASE_STRIP = YES;
				DEBUG_INFORMATION_FORMAT = "dwarf-with-dsym";
				GCC_C_LANGUAGE_STANDARD = gnu99;
				GCC_ENABLE_OBJC_EXCEPTIONS = YES;
				GCC_PREPROCESSOR_DEFINITIONS = APP;
				GCC_WARN_64_TO_32_BIT_CONVERSION = YES;
				GCC_WARN_ABOUT_RETURN_TYPE = YES;
				GCC_WARN_UNINITIALIZED_AUTOS = YES;
				GCC_WARN_UNUSED_VARIABLE = YES;
				HEADER_SEARCH_PATHS = /usr/local/include;
				LIBRARY_SEARCH_PATHS = /usr/local/lib;
				MACOSX_DEPLOYMENT_TARGET = 10.7;
				OTHER_CFLAGS = (
					"-I/usr/local/include",
					"-D_THREAD_SAFE",
				);
				OTHER_LDFLAGS = (
					"-L/usr/local/lib",
					"-lSDL2",
				);
				SDKROOT = macosx;
			};
			name = Release;
		};
		C2F03E6F16F1E747002423AF /* Debug */ = {
			isa = XCBuildConfiguration;
			buildSettings = {
				COMBINE_HIDPI_IMAGES = YES;
				FRAMEWORK_SEARCH_PATHS = /Library/Frameworks;
				GCC_PRECOMPILE_PREFIX_HEADER = YES;
				GCC_PREFIX_HEADER = "GameOfLife/GameOfLife-Prefix.pch";
				HEADER_SEARCH_PATHS = /usr/local/include/SDL2;
				INFOPLIST_FILE = "GameOfLife/GameOfLife-Info.plist";
				LIBRARY_SEARCH_PATHS = (
					"$(inherited)",
					/usr/local/lib,
					/usr/local/Cellar/sdl2_ttf/2.0.14/lib,
				);
				PRODUCT_BUNDLE_IDENTIFIER = "justFiedling.${PRODUCT_NAME:rfc1034identifier}";
				PRODUCT_NAME = "$(TARGET_NAME)";
				WRAPPER_EXTENSION = app;
			};
			name = Debug;
		};
		C2F03E7016F1E747002423AF /* Release */ = {
			isa = XCBuildConfiguration;
			buildSettings = {
				COMBINE_HIDPI_IMAGES = YES;
				FRAMEWORK_SEARCH_PATHS = /Library/Frameworks;
				GCC_PRECOMPILE_PREFIX_HEADER = YES;
				GCC_PREFIX_HEADER = "GameOfLife/GameOfLife-Prefix.pch";
				HEADER_SEARCH_PATHS = /usr/local/include/SDL2;
				INFOPLIST_FILE = "GameOfLife/GameOfLife-Info.plist";
				LIBRARY_SEARCH_PATHS = (
					"$(inherited)",
					/usr/local/lib,
					/usr/local/Cellar/sdl2_ttf/2.0.14/lib,
				);
				PRODUCT_BUNDLE_IDENTIFIER = "justFiedling.${PRODUCT_NAME:rfc1034identifier}";
				PRODUCT_NAME = "$(TARGET_NAME)";
				WRAPPER_EXTENSION = app;
			};
			name = Release;
		};
/* End XCBuildConfiguration section */

/* Begin XCConfigurationList section */
		C2F03E4C16F1E747002423AF /* Build configuration list for PBXProject "GameOfLife" */ = {
			isa = XCConfigurationList;
			buildConfigurations = (
				C2F03E6C16F1E747002423AF /* Debug */,
				C2F03E6D16F1E747002423AF /* Release */,
			);
			defaultConfigurationIsVisible = 0;
			defaultConfigurationName = Release;
		};
		C2F03E6E16F1E747002423AF /* Build configuration list for PBXNativeTarget "GameOfLife" */ = {
			isa = XCConfigurationList;
			buildConfigurations = (
				C2F03E6F16F1E747002423AF /* Debug */,
				C2F03E7016F1E747002423AF /* Release */,
			);
			defaultConfigurationIsVisible = 0;
			defaultConfigurationName = Release;
		};
/* End XCConfigurationList section */
	};
	rootObject = C2F03E4916F1E747002423AF /* Project object */;
}
